dependencies:
- name: envoy-control-plane
  repository: file://../../charts/envoy-control-plane
  version: 0.0.9
- name: envoy-ratelimit-service
  repository: file://../../charts/envoy-ratelimit-service
  version: 0.0.3
digest: sha256:b33aed34951a41c1aa58b91a1f687700eb946c48a031e4e49c642a35bf350b28
generated: "2022-08-14T17:11:03.419323+03:00"
