dependencies:
- name: envoy-control-plane
  repository: file://../../charts/envoy-control-plane
  version: 0.1.1
- name: envoy-ratelimit-service
  repository: file://../../charts/envoy-ratelimit-service
  version: 0.0.3
digest: sha256:2ea181c4f63e6852655fe2aaea9868c010d7d07a960eb248572647b9f07088dc
generated: "2022-10-21T12:13:21.525948+03:00"
